
Microsoft Visual Studio Solution File, Format Version 12.00
# Visual Studio Version 17
VisualStudioVersion = 17.3.32819.101
MinimumVisualStudioVersion = 10.0.40219.1
Project("{FAE04EC0-301F-11D3-BF4B-00C04F79EFBC}") = "EShoppingBE", "EShoppingBE\EShoppingBE.csproj", "{0117FD98-3813-42DE-A41C-721BFEF44169}"
EndProject
Global
	GlobalSection(SolutionConfigurationPlatforms) = preSolution
		Debug|Any CPU = Debug|Any CPU
		Release|Any CPU = Release|Any CPU
	EndGlobalSection
	GlobalSection(ProjectConfigurationPlatforms) = postSolution
		{0117FD98-3813-42DE-A41C-721BFEF44169}.Debug|Any CPU.ActiveCfg = Debug|Any CPU
		{0117FD98-3813-42DE-A41C-721BFEF44169}.Debug|Any CPU.Build.0 = Debug|Any CPU
		{0117FD98-3813-42DE-A41C-721BFEF44169}.Release|Any CPU.ActiveCfg = Release|Any CPU
		{0117FD98-3813-42DE-A41C-721BFEF44169}.Release|Any CPU.Build.0 = Release|Any CPU
	EndGlobalSection
	GlobalSection(SolutionProperties) = preSolution
		HideSolutionNode = FALSE
	EndGlobalSection
	GlobalSection(ExtensibilityGlobals) = postSolution
		SolutionGuid = {3432049B-1AD0-40CB-8BC5-93495F9C3504}
	EndGlobalSection
EndGlobal
